Microsoft Visual Studio Solution File, Format Version 12.00
# Visual Studio Version 17
VisualStudioVersion = 17.5.2.0
MinimumVisualStudioVersion = 10.0.40219.1
Project("{FAE04EC0-301F-11D3-BF4B-00C04F79EFBC}") = "WoadEngine", "WoadEngine\WoadEngine.csproj", "{3F1EB0AD-2E15-F23C-F475-8BE523C9840E}"
EndProject
Global
	GlobalSection(SolutionConfigurationPlatforms) = preSolution
		Debug|Any CPU = Debug|Any CPU
		Release|Any CPU = Release|Any CPU
	EndGlobalSection
	GlobalSection(ProjectConfigurationPlatforms) = postSolution
		{3F1EB0AD-2E15-F23C-F475-8BE523C9840E}.Debug|Any CPU.ActiveCfg = Debug|Any CPU
		{3F1EB0AD-2E15-F23C-F475-8BE523C9840E}.Debug|Any CPU.Build.0 = Debug|Any CPU
		{3F1EB0AD-2E15-F23C-F475-8BE523C9840E}.Release|Any CPU.ActiveCfg = Release|Any CPU
		{3F1EB0AD-2E15-F23C-F475-8BE523C9840E}.Release|Any CPU.Build.0 = Release|Any CPU
	EndGlobalSection
	GlobalSection(SolutionProperties) = preSolution
		HideSolutionNode = FALSE
	EndGlobalSection
	GlobalSection(ExtensibilityGlobals) = postSolution
		SolutionGuid = {46B1C04C-51EA-47DD-9D0E-500DEC6D346F}
	EndGlobalSection
EndGlobal
